{
  "name": "kedar",
  "lockfileVersion": 2,
  "requires": true,
  "packages": {
    "": {
      "dependencies": {
        "child-process": "^1.0.2",
        "python-shell": "^3.0.1"
      }
    },
    "node_modules/child-process": {
      "version": "1.0.2",
      "resolved": "https://registry.npmjs.org/child-process/-/child-process-1.0.2.tgz",
      "integrity": "sha512-e45+JmjvkV2XQsJ9rUJghiYJ7/9Uk8fyYi1UwfP071VmGKBu/oD1OIwuD0+jSwjMtQkV0a0FVpPTEW+XGlbSdw=="
    },
    "node_modules/python-shell": {
      "version": "3.0.1",
      "resolved": "https://registry.npmjs.org/python-shell/-/python-shell-3.0.1.tgz",
      "integrity": "sha512-TWeotuxe1auhXa5bGRScxnc2J+0r41NBntSa6RYZtMBLtAEsvCboKrEbW6DvASosWQepVkhZZlT3B5Ei766G+Q==",
      "engines": {
        "node": ">=0.10"
      }
    }
  },
  "dependencies": {
    "child-process": {
      "version": "1.0.2",
      "resolved": "https://registry.npmjs.org/child-process/-/child-process-1.0.2.tgz",
      "integrity": "sha512-e45+JmjvkV2XQsJ9rUJghiYJ7/9Uk8fyYi1UwfP071VmGKBu/oD1OIwuD0+jSwjMtQkV0a0FVpPTEW+XGlbSdw=="
    },
    "python-shell": {
      "version": "3.0.1",
      "resolved": "https://registry.npmjs.org/python-shell/-/python-shell-3.0.1.tgz",
      "integrity": "sha512-TWeotuxe1auhXa5bGRScxnc2J+0r41NBntSa6RYZtMBLtAEsvCboKrEbW6DvASosWQepVkhZZlT3B5Ei766G+Q=="
    }
  }
}
